
Microsoft Visual Studio Solution File, Format Version 12.00
# Visual Studio Version 16
VisualStudioVersion = 16.0.30907.101
MinimumVisualStudioVersion = 10.0.40219.1
Project("{FAE04EC0-301F-11D3-BF4B-00C04F79EFBC}") = "TechnicalAssessment-task-2", "TechnicalAssessment-task-2\TechnicalAssessment-task-2.csproj", "{56C4CCFF-EEC0-47CB-8017-BC971D6C104C}"
EndProject
Global
	GlobalSection(SolutionConfigurationPlatforms) = preSolution
		Debug|Any CPU = Debug|Any CPU
		Release|Any CPU = Release|Any CPU
	EndGlobalSection
	GlobalSection(ProjectConfigurationPlatforms) = postSolution
		{56C4CCFF-EEC0-47CB-8017-BC971D6C104C}.Debug|Any CPU.ActiveCfg = Debug|Any CPU
		{56C4CCFF-EEC0-47CB-8017-BC971D6C104C}.Debug|Any CPU.Build.0 = Debug|Any CPU
		{56C4CCFF-EEC0-47CB-8017-BC971D6C104C}.Release|Any CPU.ActiveCfg = Release|Any CPU
		{56C4CCFF-EEC0-47CB-8017-BC971D6C104C}.Release|Any CPU.Build.0 = Release|Any CPU
	EndGlobalSection
	GlobalSection(SolutionProperties) = preSolution
		HideSolutionNode = FALSE
	EndGlobalSection
	GlobalSection(ExtensibilityGlobals) = postSolution
		SolutionGuid = {F219C5C6-535B-4C5B-913A-48E594902F9E}
	EndGlobalSection
EndGlobal
